
Microsoft Visual Studio Solution File, Format Version 12.00
# Visual Studio Version 16
VisualStudioVersion = 16.0.30128.74
MinimumVisualStudioVersion = 10.0.40219.1
Project("{FAE04EC0-301F-11D3-BF4B-00C04F79EFBC}") = "KassasysteemZoo", "KassasysteemZoo\KassasysteemZoo.csproj", "{D4A28468-93C0-443D-AF3C-667EF00123C6}"
EndProject
Global
	GlobalSection(SolutionConfigurationPlatforms) = preSolution
		Debug|Any CPU = Debug|Any CPU
		Release|Any CPU = Release|Any CPU
	EndGlobalSection
	GlobalSection(ProjectConfigurationPlatforms) = postSolution
		{D4A28468-93C0-443D-AF3C-667EF00123C6}.Debug|Any CPU.ActiveCfg = Debug|Any CPU
		{D4A28468-93C0-443D-AF3C-667EF00123C6}.Debug|Any CPU.Build.0 = Debug|Any CPU
		{D4A28468-93C0-443D-AF3C-667EF00123C6}.Release|Any CPU.ActiveCfg = Release|Any CPU
		{D4A28468-93C0-443D-AF3C-667EF00123C6}.Release|Any CPU.Build.0 = Release|Any CPU
	EndGlobalSection
	GlobalSection(SolutionProperties) = preSolution
		HideSolutionNode = FALSE
	EndGlobalSection
	GlobalSection(ExtensibilityGlobals) = postSolution
		SolutionGuid = {3EDB63DA-6196-4C0D-87F8-C2B146470E53}
	EndGlobalSection
EndGlobal
