
Microsoft Visual Studio Solution File, Format Version 12.00
# Visual Studio Version 16
VisualStudioVersion = 16.0.30128.74
MinimumVisualStudioVersion = 10.0.40219.1
Project("{9A19103F-16F7-4668-BE54-9A1E7A4F7556}") = "H9.1CalculateBMI", "H9.1CalculateBMI\H9.1CalculateBMI.csproj", "{B8FEDAD5-DCFC-4F7E-85BB-71CF6BD99226}"
EndProject
Project("{9A19103F-16F7-4668-BE54-9A1E7A4F7556}") = "H9.2PrimeNumbers", "H9.2PrimeNumbers\H9.2PrimeNumbers.csproj", "{3E681AF0-F586-487F-8F8F-DF1AA84C7787}"
EndProject
Project("{9A19103F-16F7-4668-BE54-9A1E7A4F7556}") = "H9.3Division", "H9.3Division\H9.3Division.csproj", "{A0E6439E-44A5-4225-915D-F0B5B994E543}"
EndProject
Project("{9A19103F-16F7-4668-BE54-9A1E7A4F7556}") = "H9.4ReadValidInt", "H9.4ReadValidInt\H9.4ReadValidInt.csproj", "{63C203DD-7F6F-4A18-A6C5-D31044C560D9}"
EndProject
Project("{FAE04EC0-301F-11D3-BF4B-00C04F79EFBC}") = "H9.5ShowDigits", "H9.5ShowDigits\H9.5ShowDigits.csproj", "{19F40647-B1ED-4DBA-911D-219AE9C4A8C4}"
EndProject
Global
	GlobalSection(SolutionConfigurationPlatforms) = preSolution
		Debug|Any CPU = Debug|Any CPU
		Release|Any CPU = Release|Any CPU
	EndGlobalSection
	GlobalSection(ProjectConfigurationPlatforms) = postSolution
		{B8FEDAD5-DCFC-4F7E-85BB-71CF6BD99226}.Debug|Any CPU.ActiveCfg = Debug|Any CPU
		{B8FEDAD5-DCFC-4F7E-85BB-71CF6BD99226}.Debug|Any CPU.Build.0 = Debug|Any CPU
		{B8FEDAD5-DCFC-4F7E-85BB-71CF6BD99226}.Release|Any CPU.ActiveCfg = Release|Any CPU
		{B8FEDAD5-DCFC-4F7E-85BB-71CF6BD99226}.Release|Any CPU.Build.0 = Release|Any CPU
		{3E681AF0-F586-487F-8F8F-DF1AA84C7787}.Debug|Any CPU.ActiveCfg = Debug|Any CPU
		{3E681AF0-F586-487F-8F8F-DF1AA84C7787}.Debug|Any CPU.Build.0 = Debug|Any CPU
		{3E681AF0-F586-487F-8F8F-DF1AA84C7787}.Release|Any CPU.ActiveCfg = Release|Any CPU
		{3E681AF0-F586-487F-8F8F-DF1AA84C7787}.Release|Any CPU.Build.0 = Release|Any CPU
		{A0E6439E-44A5-4225-915D-F0B5B994E543}.Debug|Any CPU.ActiveCfg = Debug|Any CPU
		{A0E6439E-44A5-4225-915D-F0B5B994E543}.Debug|Any CPU.Build.0 = Debug|Any CPU
		{A0E6439E-44A5-4225-915D-F0B5B994E543}.Release|Any CPU.ActiveCfg = Release|Any CPU
		{A0E6439E-44A5-4225-915D-F0B5B994E543}.Release|Any CPU.Build.0 = Release|Any CPU
		{63C203DD-7F6F-4A18-A6C5-D31044C560D9}.Debug|Any CPU.ActiveCfg = Debug|Any CPU
		{63C203DD-7F6F-4A18-A6C5-D31044C560D9}.Debug|Any CPU.Build.0 = Debug|Any CPU
		{63C203DD-7F6F-4A18-A6C5-D31044C560D9}.Release|Any CPU.ActiveCfg = Release|Any CPU
		{63C203DD-7F6F-4A18-A6C5-D31044C560D9}.Release|Any CPU.Build.0 = Release|Any CPU
		{19F40647-B1ED-4DBA-911D-219AE9C4A8C4}.Debug|Any CPU.ActiveCfg = Debug|Any CPU
		{19F40647-B1ED-4DBA-911D-219AE9C4A8C4}.Debug|Any CPU.Build.0 = Debug|Any CPU
		{19F40647-B1ED-4DBA-911D-219AE9C4A8C4}.Release|Any CPU.ActiveCfg = Release|Any CPU
		{19F40647-B1ED-4DBA-911D-219AE9C4A8C4}.Release|Any CPU.Build.0 = Release|Any CPU
	EndGlobalSection
	GlobalSection(SolutionProperties) = preSolution
		HideSolutionNode = FALSE
	EndGlobalSection
	GlobalSection(ExtensibilityGlobals) = postSolution
		SolutionGuid = {372F5E2B-60D2-46D5-8D69-E36977DD3493}
	EndGlobalSection
EndGlobal
